
Microsoft Visual Studio Solution File, Format Version 12.00
# Visual Studio Version 17
VisualStudioVersion = 17.13.35931.197
MinimumVisualStudioVersion = 10.0.40219.1
Project("{FAE04EC0-301F-11D3-BF4B-00C04F79EFBC}") = "AlphtechDSP", "Alphtech DSP\AlphtechDSP.csproj", "{D34C17CD-739A-4CC8-B46A-C9D085556150}"
EndProject
Project("{FAE04EC0-301F-11D3-BF4B-00C04F79EFBC}") = "UI", "UI\UI\UI.csproj", "{6B11C462-C831-40FE-998E-E472F53EF46E}"
EndProject
Global
	GlobalSection(SolutionConfigurationPlatforms) = preSolution
		Debug|Any CPU = Debug|Any CPU
		Debug|x64 = Debug|x64
		Release|Any CPU = Release|Any CPU
		Release|x64 = Release|x64
	EndGlobalSection
	GlobalSection(ProjectConfigurationPlatforms) = postSolution
		{D34C17CD-739A-4CC8-B46A-C9D085556150}.Debug|Any CPU.ActiveCfg = Debug|Any CPU
		{D34C17CD-739A-4CC8-B46A-C9D085556150}.Debug|Any CPU.Build.0 = Debug|Any CPU
		{D34C17CD-739A-4CC8-B46A-C9D085556150}.Debug|x64.ActiveCfg = Debug|x64
		{D34C17CD-739A-4CC8-B46A-C9D085556150}.Debug|x64.Build.0 = Debug|x64
		{D34C17CD-739A-4CC8-B46A-C9D085556150}.Release|Any CPU.ActiveCfg = Release|Any CPU
		{D34C17CD-739A-4CC8-B46A-C9D085556150}.Release|Any CPU.Build.0 = Release|Any CPU
		{D34C17CD-739A-4CC8-B46A-C9D085556150}.Release|x64.ActiveCfg = Release|x64
		{D34C17CD-739A-4CC8-B46A-C9D085556150}.Release|x64.Build.0 = Release|x64
		{6B11C462-C831-40FE-998E-E472F53EF46E}.Debug|Any CPU.ActiveCfg = Debug|Any CPU
		{6B11C462-C831-40FE-998E-E472F53EF46E}.Debug|Any CPU.Build.0 = Debug|Any CPU
		{6B11C462-C831-40FE-998E-E472F53EF46E}.Debug|x64.ActiveCfg = Debug|x64
		{6B11C462-C831-40FE-998E-E472F53EF46E}.Debug|x64.Build.0 = Debug|x64
		{6B11C462-C831-40FE-998E-E472F53EF46E}.Release|Any CPU.ActiveCfg = Release|Any CPU
		{6B11C462-C831-40FE-998E-E472F53EF46E}.Release|Any CPU.Build.0 = Release|Any CPU
		{6B11C462-C831-40FE-998E-E472F53EF46E}.Release|x64.ActiveCfg = Release|x64
		{6B11C462-C831-40FE-998E-E472F53EF46E}.Release|x64.Build.0 = Release|x64
	EndGlobalSection
	GlobalSection(SolutionProperties) = preSolution
		HideSolutionNode = FALSE
	EndGlobalSection
	GlobalSection(ExtensibilityGlobals) = postSolution
		SolutionGuid = {BD780F69-CA35-4A69-94BC-341B93391449}
	EndGlobalSection
EndGlobal
